
Microsoft Visual Studio Solution File, Format Version 12.00
# Visual Studio 2012
Project("{FAE04EC0-301F-11D3-BF4B-00C04F79EFBC}") = "Lotto", "Lotto\Lotto.csproj", "{7A3B0C0F-47B0-46DB-A9D8-65CFFBC605AB}"
EndProject
Global
	GlobalSection(SolutionConfigurationPlatforms) = preSolution
		Debug|Any CPU = Debug|Any CPU
		Release|Any CPU = Release|Any CPU
	EndGlobalSection
	GlobalSection(ProjectConfigurationPlatforms) = postSolution
		{7A3B0C0F-47B0-46DB-A9D8-65CFFBC605AB}.Debug|Any CPU.ActiveCfg = Debug|Any CPU
		{7A3B0C0F-47B0-46DB-A9D8-65CFFBC605AB}.Debug|Any CPU.Build.0 = Debug|Any CPU
		{7A3B0C0F-47B0-46DB-A9D8-65CFFBC605AB}.Release|Any CPU.ActiveCfg = Release|Any CPU
		{7A3B0C0F-47B0-46DB-A9D8-65CFFBC605AB}.Release|Any CPU.Build.0 = Release|Any CPU
	EndGlobalSection
	GlobalSection(SolutionProperties) = preSolution
		HideSolutionNode = FALSE
	EndGlobalSection
EndGlobal
